
Microsoft Visual Studio Solution File, Format Version 12.00
# Visual Studio 15
VisualStudioVersion = 15.0.26403.7
MinimumVisualStudioVersion = 10.0.40219.1
Project("{8BC9CEB8-8B4A-11D0-8D11-00A0C91BC942}") = "boulder_dash", "boulder_dash\boulder_dash.vcxproj", "{8ECDC4BF-20E7-4828-8341-838A179DFF67}"
EndProject
Project("{8BC9CEB8-8B4A-11D0-8D11-00A0C91BC942}") = "embed_sprites", "embed_sprites\embed_sprites.vcxproj", "{BE5ECC85-8FEB-4C19-B8CB-ED799F818B19}"
EndProject
Global
	GlobalSection(SolutionConfigurationPlatforms) = preSolution
		Debug|x64 = Debug|x64
		Debug|x86 = Debug|x86
		Release|x64 = Release|x64
		Release|x86 = Release|x86
	EndGlobalSection
	GlobalSection(ProjectConfigurationPlatforms) = postSolution
		{8ECDC4BF-20E7-4828-8341-838A179DFF67}.Debug|x64.ActiveCfg = Debug|x64
		{8ECDC4BF-20E7-4828-8341-838A179DFF67}.Debug|x64.Build.0 = Debug|x64
		{8ECDC4BF-20E7-4828-8341-838A179DFF67}.Debug|x86.ActiveCfg = Debug|Win32
		{8ECDC4BF-20E7-4828-8341-838A179DFF67}.Debug|x86.Build.0 = Debug|Win32
		{8ECDC4BF-20E7-4828-8341-838A179DFF67}.Release|x64.ActiveCfg = Release|x64
		{8ECDC4BF-20E7-4828-8341-838A179DFF67}.Release|x64.Build.0 = Release|x64
		{8ECDC4BF-20E7-4828-8341-838A179DFF67}.Release|x86.ActiveCfg = Release|Win32
		{8ECDC4BF-20E7-4828-8341-838A179DFF67}.Release|x86.Build.0 = Release|Win32
		{BE5ECC85-8FEB-4C19-B8CB-ED799F818B19}.Debug|x64.ActiveCfg = Debug|x64
		{BE5ECC85-8FEB-4C19-B8CB-ED799F818B19}.Debug|x64.Build.0 = Debug|x64
		{BE5ECC85-8FEB-4C19-B8CB-ED799F818B19}.Debug|x86.ActiveCfg = Debug|Win32
		{BE5ECC85-8FEB-4C19-B8CB-ED799F818B19}.Debug|x86.Build.0 = Debug|Win32
		{BE5ECC85-8FEB-4C19-B8CB-ED799F818B19}.Release|x64.ActiveCfg = Release|x64
		{BE5ECC85-8FEB-4C19-B8CB-ED799F818B19}.Release|x64.Build.0 = Release|x64
		{BE5ECC85-8FEB-4C19-B8CB-ED799F818B19}.Release|x86.ActiveCfg = Release|Win32
		{BE5ECC85-8FEB-4C19-B8CB-ED799F818B19}.Release|x86.Build.0 = Release|Win32
	EndGlobalSection
	GlobalSection(SolutionProperties) = preSolution
		HideSolutionNode = FALSE
	EndGlobalSection
EndGlobal
